
Microsoft Visual Studio Solution File, Format Version 12.00
# Visual Studio 15
VisualStudioVersion = 15.0.28307.705
MinimumVisualStudioVersion = 10.0.40219.1
Project("{9A19103F-16F7-4668-BE54-9A1E7A4F7556}") = "GSTCalculator", "GSTCalculator3\GSTCalculator.csproj", "{DCF60FF7-B5C7-4A29-86FC-66F86D43A6C0}"
EndProject
Global
	GlobalSection(SolutionConfigurationPlatforms) = preSolution
		Debug|Any CPU = Debug|Any CPU
		Release|Any CPU = Release|Any CPU
	EndGlobalSection
	GlobalSection(ProjectConfigurationPlatforms) = postSolution
		{DCF60FF7-B5C7-4A29-86FC-66F86D43A6C0}.Debug|Any CPU.ActiveCfg = Debug|Any CPU
		{DCF60FF7-B5C7-4A29-86FC-66F86D43A6C0}.Debug|Any CPU.Build.0 = Debug|Any CPU
		{DCF60FF7-B5C7-4A29-86FC-66F86D43A6C0}.Release|Any CPU.ActiveCfg = Release|Any CPU
		{DCF60FF7-B5C7-4A29-86FC-66F86D43A6C0}.Release|Any CPU.Build.0 = Release|Any CPU
	EndGlobalSection
	GlobalSection(SolutionProperties) = preSolution
		HideSolutionNode = FALSE
	EndGlobalSection
	GlobalSection(ExtensibilityGlobals) = postSolution
		SolutionGuid = {80212BBB-EA76-4757-B3D0-C132DA9A7F33}
	EndGlobalSection
EndGlobal
